PODS:
  - Alamofire (4.9.1)
  - Nuke (8.4.0)
  - Realm (4.3.0):
    - Realm/Headers (= 4.3.0)
  - Realm/Headers (4.3.0)
  - RealmSwift (4.3.0):
    - Realm (= 4.3.0)

DEPENDENCIES:
  - Alamofire
  - Nuke
  - RealmSwift

SPEC REPOS:
  trunk:
    - Alamofire
    - Nuke
    - Realm
    - RealmSwift

SPEC CHECKSUMS:
  Alamofire: 85e8a02c69d6020a0d734f6054870d7ecb75cf18
  Nuke: fa6f784c4f7e1c0f9313668510186c68b7af2509
  Realm: 9357c3589555793e1860a7104a7412bca4a48d99
  RealmSwift: 402f1e379a8ef82c635313037b043f0f06de880c

PODFILE CHECKSUM: d2a039b6b6ddab81cd2971170833342674d26d02

COCOAPODS: 1.8.4
